
Microsoft Visual Studio Solution File, Format Version 12.00
# Visual Studio Version 17
VisualStudioVersion = 17.14.36518.9 d17.14
MinimumVisualStudioVersion = 10.0.40219.1
Project("{FAE04EC0-301F-11D3-BF4B-00C04F79EFBC}") = "Hotel Master", "Hotel Master\Hotel Master.csproj", "{1E4A7143-B3F5-4921-99FD-C3E1033D7FED}"
EndProject
Global
	GlobalSection(SolutionConfigurationPlatforms) = preSolution
		Debug|Any CPU = Debug|Any CPU
		Release|Any CPU = Release|Any CPU
	EndGlobalSection
	GlobalSection(ProjectConfigurationPlatforms) = postSolution
		{1E4A7143-B3F5-4921-99FD-C3E1033D7FED}.Debug|Any CPU.ActiveCfg = Debug|Any CPU
		{1E4A7143-B3F5-4921-99FD-C3E1033D7FED}.Debug|Any CPU.Build.0 = Debug|Any CPU
		{1E4A7143-B3F5-4921-99FD-C3E1033D7FED}.Release|Any CPU.ActiveCfg = Release|Any CPU
		{1E4A7143-B3F5-4921-99FD-C3E1033D7FED}.Release|Any CPU.Build.0 = Release|Any CPU
	EndGlobalSection
	GlobalSection(SolutionProperties) = preSolution
		HideSolutionNode = FALSE
	EndGlobalSection
	GlobalSection(ExtensibilityGlobals) = postSolution
		SolutionGuid = {BAC5D5FF-B834-4E34-9320-669A48515801}
	EndGlobalSection
EndGlobal
